
Microsoft Visual Studio Solution File, Format Version 12.00
# Visual Studio Version 17
VisualStudioVersion = 17.8.34302.71
MinimumVisualStudioVersion = 10.0.40219.1
Project("{FAE04EC0-301F-11D3-BF4B-00C04F79EFBC}") = "HalloTPL", "HalloTPL\HalloTPL.csproj", "{F6AA83ED-2B3F-473F-808E-F1ECB80F5305}"
EndProject
Global
	GlobalSection(SolutionConfigurationPlatforms) = preSolution
		Debug|Any CPU = Debug|Any CPU
		Release|Any CPU = Release|Any CPU
	EndGlobalSection
	GlobalSection(ProjectConfigurationPlatforms) = postSolution
		{F6AA83ED-2B3F-473F-808E-F1ECB80F5305}.Debug|Any CPU.ActiveCfg = Debug|Any CPU
		{F6AA83ED-2B3F-473F-808E-F1ECB80F5305}.Debug|Any CPU.Build.0 = Debug|Any CPU
		{F6AA83ED-2B3F-473F-808E-F1ECB80F5305}.Release|Any CPU.ActiveCfg = Release|Any CPU
		{F6AA83ED-2B3F-473F-808E-F1ECB80F5305}.Release|Any CPU.Build.0 = Release|Any CPU
	EndGlobalSection
	GlobalSection(SolutionProperties) = preSolution
		HideSolutionNode = FALSE
	EndGlobalSection
	GlobalSection(ExtensibilityGlobals) = postSolution
		SolutionGuid = {594E9E93-5409-43EC-8294-17C4E0382438}
	EndGlobalSection
EndGlobal
