
Microsoft Visual Studio Solution File, Format Version 12.00
# Visual Studio Version 17
VisualStudioVersion = 17.9.34310.174
MinimumVisualStudioVersion = 10.0.40219.1
Project("{FAE04EC0-301F-11D3-BF4B-00C04F79EFBC}") = "PizzaApi", "PizzaApi\PizzaApi.csproj", "{A5DDAE25-D4B3-4EE2-9571-703A087855BA}"
EndProject
Project("{9A19103F-16F7-4668-BE54-9A1E7A4F7556}") = "HalloAspMVCAAAA", "..\HalloAspMVC\HalloAspMVC\HalloAspMVCAAAA.csproj", "{FD24AD6F-01F6-44A9-B7D8-97CD48A99F84}"
EndProject
Global
	GlobalSection(SolutionConfigurationPlatforms) = preSolution
		Debug|Any CPU = Debug|Any CPU
		Release|Any CPU = Release|Any CPU
	EndGlobalSection
	GlobalSection(ProjectConfigurationPlatforms) = postSolution
		{A5DDAE25-D4B3-4EE2-9571-703A087855BA}.Debug|Any CPU.ActiveCfg = Debug|Any CPU
		{A5DDAE25-D4B3-4EE2-9571-703A087855BA}.Debug|Any CPU.Build.0 = Debug|Any CPU
		{A5DDAE25-D4B3-4EE2-9571-703A087855BA}.Release|Any CPU.ActiveCfg = Release|Any CPU
		{A5DDAE25-D4B3-4EE2-9571-703A087855BA}.Release|Any CPU.Build.0 = Release|Any CPU
		{FD24AD6F-01F6-44A9-B7D8-97CD48A99F84}.Debug|Any CPU.ActiveCfg = Debug|Any CPU
		{FD24AD6F-01F6-44A9-B7D8-97CD48A99F84}.Debug|Any CPU.Build.0 = Debug|Any CPU
		{FD24AD6F-01F6-44A9-B7D8-97CD48A99F84}.Release|Any CPU.ActiveCfg = Release|Any CPU
		{FD24AD6F-01F6-44A9-B7D8-97CD48A99F84}.Release|Any CPU.Build.0 = Release|Any CPU
	EndGlobalSection
	GlobalSection(SolutionProperties) = preSolution
		HideSolutionNode = FALSE
	EndGlobalSection
	GlobalSection(ExtensibilityGlobals) = postSolution
		SolutionGuid = {C3491E1E-F1C0-4173-A41A-EC3157CAF4C2}
	EndGlobalSection
EndGlobal
